
Microsoft Visual Studio Solution File, Format Version 12.00
# Visual Studio Version 16
VisualStudioVersion = 16.0.30114.105
MinimumVisualStudioVersion = 10.0.40219.1
Project("{2150E333-8FDC-42A3-9474-1A3956D46DE8}") = "src", "src", "{10DDF6F5-FA24-4EB6-A79E-BDF03670A954}"
EndProject
Project("{FAE04EC0-301F-11D3-BF4B-00C04F79EFBC}") = "TruckMe.API", "src\TruckMe.API\TruckMe.API.csproj", "{1F217D60-7233-48C3-9145-E59802345600}"
EndProject
Project("{FAE04EC0-301F-11D3-BF4B-00C04F79EFBC}") = "TruckMe.Domain", "src\TruckMe.Domain\TruckMe.Domain.csproj", "{BAD1E1A7-FFE1-4B38-9C57-971593F4F0F5}"
EndProject
Project("{FAE04EC0-301F-11D3-BF4B-00C04F79EFBC}") = "TruckMe.Application", "src\TruckMe.Application\TruckMe.Application.csproj", "{8D483069-B120-4B4B-A274-2445FEE6CD75}"
EndProject
Project("{FAE04EC0-301F-11D3-BF4B-00C04F79EFBC}") = "TruckMe.Infrastructure", "src\TruckMe.Infrastructure\TruckMe.Infrastructure.csproj", "{C3658948-5D4E-452E-A9D2-F3713DCC5D9A}"
EndProject
Global
	GlobalSection(SolutionConfigurationPlatforms) = preSolution
		Debug|Any CPU = Debug|Any CPU
		Debug|x64 = Debug|x64
		Debug|x86 = Debug|x86
		Release|Any CPU = Release|Any CPU
		Release|x64 = Release|x64
		Release|x86 = Release|x86
	EndGlobalSection
	GlobalSection(SolutionProperties) = preSolution
		HideSolutionNode = FALSE
	EndGlobalSection
	GlobalSection(ProjectConfigurationPlatforms) = postSolution
		{1F217D60-7233-48C3-9145-E59802345600}.Debug|Any CPU.ActiveCfg = Debug|Any CPU
		{1F217D60-7233-48C3-9145-E59802345600}.Debug|Any CPU.Build.0 = Debug|Any CPU
		{1F217D60-7233-48C3-9145-E59802345600}.Debug|x64.ActiveCfg = Debug|Any CPU
		{1F217D60-7233-48C3-9145-E59802345600}.Debug|x64.Build.0 = Debug|Any CPU
		{1F217D60-7233-48C3-9145-E59802345600}.Debug|x86.ActiveCfg = Debug|Any CPU
		{1F217D60-7233-48C3-9145-E59802345600}.Debug|x86.Build.0 = Debug|Any CPU
		{1F217D60-7233-48C3-9145-E59802345600}.Release|Any CPU.ActiveCfg = Release|Any CPU
		{1F217D60-7233-48C3-9145-E59802345600}.Release|Any CPU.Build.0 = Release|Any CPU
		{1F217D60-7233-48C3-9145-E59802345600}.Release|x64.ActiveCfg = Release|Any CPU
		{1F217D60-7233-48C3-9145-E59802345600}.Release|x64.Build.0 = Release|Any CPU
		{1F217D60-7233-48C3-9145-E59802345600}.Release|x86.ActiveCfg = Release|Any CPU
		{1F217D60-7233-48C3-9145-E59802345600}.Release|x86.Build.0 = Release|Any CPU
		{BAD1E1A7-FFE1-4B38-9C57-971593F4F0F5}.Debug|Any CPU.ActiveCfg = Debug|Any CPU
		{BAD1E1A7-FFE1-4B38-9C57-971593F4F0F5}.Debug|Any CPU.Build.0 = Debug|Any CPU
		{BAD1E1A7-FFE1-4B38-9C57-971593F4F0F5}.Debug|x64.ActiveCfg = Debug|Any CPU
		{BAD1E1A7-FFE1-4B38-9C57-971593F4F0F5}.Debug|x64.Build.0 = Debug|Any CPU
		{BAD1E1A7-FFE1-4B38-9C57-971593F4F0F5}.Debug|x86.ActiveCfg = Debug|Any CPU
		{BAD1E1A7-FFE1-4B38-9C57-971593F4F0F5}.Debug|x86.Build.0 = Debug|Any CPU
		{BAD1E1A7-FFE1-4B38-9C57-971593F4F0F5}.Release|Any CPU.ActiveCfg = Release|Any CPU
		{BAD1E1A7-FFE1-4B38-9C57-971593F4F0F5}.Release|Any CPU.Build.0 = Release|Any CPU
		{BAD1E1A7-FFE1-4B38-9C57-971593F4F0F5}.Release|x64.ActiveCfg = Release|Any CPU
		{BAD1E1A7-FFE1-4B38-9C57-971593F4F0F5}.Release|x64.Build.0 = Release|Any CPU
		{BAD1E1A7-FFE1-4B38-9C57-971593F4F0F5}.Release|x86.ActiveCfg = Release|Any CPU
		{BAD1E1A7-FFE1-4B38-9C57-971593F4F0F5}.Release|x86.Build.0 = Release|Any CPU
		{8D483069-B120-4B4B-A274-2445FEE6CD75}.Debug|Any CPU.ActiveCfg = Debug|Any CPU
		{8D483069-B120-4B4B-A274-2445FEE6CD75}.Debug|Any CPU.Build.0 = Debug|Any CPU
		{8D483069-B120-4B4B-A274-2445FEE6CD75}.Debug|x64.ActiveCfg = Debug|Any CPU
		{8D483069-B120-4B4B-A274-2445FEE6CD75}.Debug|x64.Build.0 = Debug|Any CPU
		{8D483069-B120-4B4B-A274-2445FEE6CD75}.Debug|x86.ActiveCfg = Debug|Any CPU
		{8D483069-B120-4B4B-A274-2445FEE6CD75}.Debug|x86.Build.0 = Debug|Any CPU
		{8D483069-B120-4B4B-A274-2445FEE6CD75}.Release|Any CPU.ActiveCfg = Release|Any CPU
		{8D483069-B120-4B4B-A274-2445FEE6CD75}.Release|Any CPU.Build.0 = Release|Any CPU
		{8D483069-B120-4B4B-A274-2445FEE6CD75}.Release|x64.ActiveCfg = Release|Any CPU
		{8D483069-B120-4B4B-A274-2445FEE6CD75}.Release|x64.Build.0 = Release|Any CPU
		{8D483069-B120-4B4B-A274-2445FEE6CD75}.Release|x86.ActiveCfg = Release|Any CPU
		{8D483069-B120-4B4B-A274-2445FEE6CD75}.Release|x86.Build.0 = Release|Any CPU
		{C3658948-5D4E-452E-A9D2-F3713DCC5D9A}.Debug|Any CPU.ActiveCfg = Debug|Any CPU
		{C3658948-5D4E-452E-A9D2-F3713DCC5D9A}.Debug|Any CPU.Build.0 = Debug|Any CPU
		{C3658948-5D4E-452E-A9D2-F3713DCC5D9A}.Debug|x64.ActiveCfg = Debug|Any CPU
		{C3658948-5D4E-452E-A9D2-F3713DCC5D9A}.Debug|x64.Build.0 = Debug|Any CPU
		{C3658948-5D4E-452E-A9D2-F3713DCC5D9A}.Debug|x86.ActiveCfg = Debug|Any CPU
		{C3658948-5D4E-452E-A9D2-F3713DCC5D9A}.Debug|x86.Build.0 = Debug|Any CPU
		{C3658948-5D4E-452E-A9D2-F3713DCC5D9A}.Release|Any CPU.ActiveCfg = Release|Any CPU
		{C3658948-5D4E-452E-A9D2-F3713DCC5D9A}.Release|Any CPU.Build.0 = Release|Any CPU
		{C3658948-5D4E-452E-A9D2-F3713DCC5D9A}.Release|x64.ActiveCfg = Release|Any CPU
		{C3658948-5D4E-452E-A9D2-F3713DCC5D9A}.Release|x64.Build.0 = Release|Any CPU
		{C3658948-5D4E-452E-A9D2-F3713DCC5D9A}.Release|x86.ActiveCfg = Release|Any CPU
		{C3658948-5D4E-452E-A9D2-F3713DCC5D9A}.Release|x86.Build.0 = Release|Any CPU
	EndGlobalSection
	GlobalSection(NestedProjects) = preSolution
		{1F217D60-7233-48C3-9145-E59802345600} = {10DDF6F5-FA24-4EB6-A79E-BDF03670A954}
		{BAD1E1A7-FFE1-4B38-9C57-971593F4F0F5} = {10DDF6F5-FA24-4EB6-A79E-BDF03670A954}
		{8D483069-B120-4B4B-A274-2445FEE6CD75} = {10DDF6F5-FA24-4EB6-A79E-BDF03670A954}
		{C3658948-5D4E-452E-A9D2-F3713DCC5D9A} = {10DDF6F5-FA24-4EB6-A79E-BDF03670A954}
	EndGlobalSection
EndGlobal
